// !$*UTF8*$!
{
	archiveVersion = 1;
	classes = {
	};
	objectVersion = 50;
	objects = {

/* Begin PBXBuildFile section */
		680793252103CE5A00066F69 /* New.swift in Sources */ = {isa = PBXBuildFile; fileRef = 680793242103CE5A00066F69 /* New.swift */; };
		685811ED21027443007B6DF3 /* AppDelegate.swift in Sources */ = {isa = PBXBuildFile; fileRef = 685811EC21027443007B6DF3 /* AppDelegate.swift */; };
		685811EF21027443007B6DF3 /* Landing.swift in Sources */ = {isa = PBXBuildFile; fileRef = 685811EE21027443007B6DF3 /* Landing.swift */; };
		685811F221027443007B6DF3 /* Main.storyboard in Resources */ = {isa = PBXBuildFile; fileRef = 685811F021027443007B6DF3 /* Main.storyboard */; };
		685811F421027446007B6DF3 /* Assets.xcassets in Resources */ = {isa = PBXBuildFile; fileRef = 685811F321027446007B6DF3 /* Assets.xcassets */; };
		685811F721027446007B6DF3 /* LaunchScreen.storyboard in Resources */ = {isa = PBXBuildFile; fileRef = 685811F521027446007B6DF3 /* LaunchScreen.storyboard */; };
		6858120121039764007B6DF3 /* Hero.framework in Frameworks */ = {isa = PBXBuildFile; fileRef = 6858120021039764007B6DF3 /* Hero.framework */; };
		6858120221039764007B6DF3 /* Hero.framework in Embed Frameworks */ = {isa = PBXBuildFile; fileRef = 6858120021039764007B6DF3 /* Hero.framework */; settings = {ATTRIBUTES = (CodeSignOnCopy, RemoveHeadersOnCopy, ); }; };
		685812072103990E007B6DF3 /* TopBar.xib in Resources */ = {isa = PBXBuildFile; fileRef = 685812062103990E007B6DF3 /* TopBar.xib */; };
		6858121221039B08007B6DF3 /* TopBar.swift in Sources */ = {isa = PBXBuildFile; fileRef = 6858121121039B08007B6DF3 /* TopBar.swift */; };
		6858121321039D10007B6DF3 /* Inter-UI-Black.ttf in Resources */ = {isa = PBXBuildFile; fileRef = 6858120D21039A48007B6DF3 /* Inter-UI-Black.ttf */; };
		6858121421039D10007B6DF3 /* Inter-UI-BlackItalic.ttf in Resources */ = {isa = PBXBuildFile; fileRef = 6858120F21039A48007B6DF3 /* Inter-UI-BlackItalic.ttf */; };
		6858121521039D10007B6DF3 /* Inter-UI-Bold.ttf in Resources */ = {isa = PBXBuildFile; fileRef = 6858121021039A49007B6DF3 /* Inter-UI-Bold.ttf */; };
		6858121621039D10007B6DF3 /* Inter-UI-BoldItalic.ttf in Resources */ = {isa = PBXBuildFile; fileRef = 6858120A21039A47007B6DF3 /* Inter-UI-BoldItalic.ttf */; };
		6858121721039D10007B6DF3 /* Inter-UI-Italic.ttf in Resources */ = {isa = PBXBuildFile; fileRef = 6858120B21039A47007B6DF3 /* Inter-UI-Italic.ttf */; };
		6858121821039D10007B6DF3 /* Inter-UI-Medium.ttf in Resources */ = {isa = PBXBuildFile; fileRef = 6858120E21039A48007B6DF3 /* Inter-UI-Medium.ttf */; };
		6858121921039D10007B6DF3 /* Inter-UI-MediumItalic.ttf in Resources */ = {isa = PBXBuildFile; fileRef = 6858120C21039A48007B6DF3 /* Inter-UI-MediumItalic.ttf */; };
		6858121A21039D10007B6DF3 /* Inter-UI-Regular.ttf in Resources */ = {isa = PBXBuildFile; fileRef = 6858120921039A47007B6DF3 /* Inter-UI-Regular.ttf */; };
		6858121D2103BBC7007B6DF3 /* Blur.swift in Sources */ = {isa = PBXBuildFile; fileRef = 6858121C2103BBC7007B6DF3 /* Blur.swift */; };
		6858121F2103C2F9007B6DF3 /* BorderRadius.swift in Sources */ = {isa = PBXBuildFile; fileRef = 6858121E2103C2F9007B6DF3 /* BorderRadius.swift */; };
		685812222103C6C0007B6DF3 /* TodoCell.swift in Sources */ = {isa = PBXBuildFile; fileRef = 685812212103C6C0007B6DF3 /* TodoCell.swift */; };
		6868380D2105219F00AD930B /* button.xib in Resources */ = {isa = PBXBuildFile; fileRef = 6868380C2105219F00AD930B /* button.xib */; };
		6868380F210522F200AD930B /* Button.swift in Sources */ = {isa = PBXBuildFile; fileRef = 6868380E210522F200AD930B /* Button.swift */; };
		687CAE732105D8B400BAF716 /* ToDos.swift in Sources */ = {isa = PBXBuildFile; fileRef = 687CAE722105D8B400BAF716 /* ToDos.swift */; };
		687CAE772105DE0200BAF716 /* CloudKit.framework in Frameworks */ = {isa = PBXBuildFile; fileRef = 687CAE762105DE0200BAF716 /* CloudKit.framework */; };
		687CAE792106672A00BAF716 /* Progress.xib in Resources */ = {isa = PBXBuildFile; fileRef = 687CAE782106672900BAF716 /* Progress.xib */; };
		687CAE7B210668A800BAF716 /* Progress.swift in Sources */ = {isa = PBXBuildFile; fileRef = 687CAE7A210668A700BAF716 /* Progress.swift */; };
		687CAE7D21066ADD00BAF716 /* Gradients.swift in Sources */ = {isa = PBXBuildFile; fileRef = 687CAE7C21066ADD00BAF716 /* Gradients.swift */; };
		689272B32107C13100ACC4B5 /* VC2Image.swift in Sources */ = {isa = PBXBuildFile; fileRef = 689272B22107C13100ACC4B5 /* VC2Image.swift */; };
		689272B52107C17500ACC4B5 /* Select.swift in Sources */ = {isa = PBXBuildFile; fileRef = 689272B42107C17500ACC4B5 /* Select.swift */; };
/* End PBXBuildFile section */

/* Begin PBXCopyFilesBuildPhase section */
		6858120321039765007B6DF3 /* Embed Frameworks */ = {
			isa = PBXCopyFilesBuildPhase;
			buildActionMask = 2147483647;
			dstPath = "";
			dstSubfolderSpec = 10;
			files = (
				6858120221039764007B6DF3 /* Hero.framework in Embed Frameworks */,
			);
			name = "Embed Frameworks";
			runOnlyForDeploymentPostprocessing = 0;
		};
/* End PBXCopyFilesBuildPhase section */

/* Begin PBXFileReference section */
		680793242103CE5A00066F69 /* New.swift */ = {isa = PBXFileReference; lastKnownFileType = sourcecode.swift; path = New.swift; sourceTree = "<group>"; };
		685811E921027443007B6DF3 /* Timeline.app */ = {isa = PBXFileReference; explicitFileType = wrapper.application; includeInIndex = 0; path = Timeline.app; sourceTree = BUILT_PRODUCTS_DIR; };
		685811EC21027443007B6DF3 /* AppDelegate.swift */ = {isa = PBXFileReference; lastKnownFileType = sourcecode.swift; path = AppDelegate.swift; sourceTree = "<group>"; };
		685811EE21027443007B6DF3 /* Landing.swift */ = {isa = PBXFileReference; lastKnownFileType = sourcecode.swift; path = Landing.swift; sourceTree = "<group>"; };
		685811F121027443007B6DF3 /* Base */ = {isa = PBXFileReference; lastKnownFileType = file.storyboard; name = Base; path = Base.lproj/Main.storyboard; sourceTree = "<group>"; };
		685811F321027446007B6DF3 /* Assets.xcassets */ = {isa = PBXFileReference; lastKnownFileType = folder.assetcatalog; path = Assets.xcassets; sourceTree = "<group>"; };
		685811F621027446007B6DF3 /* Base */ = {isa = PBXFileReference; lastKnownFileType = file.storyboard; name = Base; path = Base.lproj/LaunchScreen.storyboard; sourceTree = "<group>"; };
		685811F821027446007B6DF3 /* Info.plist */ = {isa = PBXFileReference; lastKnownFileType = text.plist.xml; path = Info.plist; sourceTree = "<group>"; };
		6858120021039764007B6DF3 /* Hero.framework */ = {isa = PBXFileReference; lastKnownFileType = wrapper.framework; name = Hero.framework; path = Carthage/Build/iOS/Hero.framework; sourceTree = "<group>"; };
		685812062103990E007B6DF3 /* TopBar.xib */ = {isa = PBXFileReference; lastKnownFileType = file.xib; path = TopBar.xib; sourceTree = "<group>"; };
		6858120921039A47007B6DF3 /* Inter-UI-Regular.ttf */ = {isa = PBXFileReference; lastKnownFileType = file; path = "Inter-UI-Regular.ttf"; sourceTree = "<group>"; };
		6858120A21039A47007B6DF3 /* Inter-UI-BoldItalic.ttf */ = {isa = PBXFileReference; lastKnownFileType = file; path = "Inter-UI-BoldItalic.ttf"; sourceTree = "<group>"; };
		6858120B21039A47007B6DF3 /* Inter-UI-Italic.ttf */ = {isa = PBXFileReference; lastKnownFileType = file; path = "Inter-UI-Italic.ttf"; sourceTree = "<group>"; };
		6858120C21039A48007B6DF3 /* Inter-UI-MediumItalic.ttf */ = {isa = PBXFileReference; lastKnownFileType = file; path = "Inter-UI-MediumItalic.ttf"; sourceTree = "<group>"; };
		6858120D21039A48007B6DF3 /* Inter-UI-Black.ttf */ = {isa = PBXFileReference; lastKnownFileType = file; path = "Inter-UI-Black.ttf"; sourceTree = "<group>"; };
		6858120E21039A48007B6DF3 /* Inter-UI-Medium.ttf */ = {isa = PBXFileReference; lastKnownFileType = file; path = "Inter-UI-Medium.ttf"; sourceTree = "<group>"; };
		6858120F21039A48007B6DF3 /* Inter-UI-BlackItalic.ttf */ = {isa = PBXFileReference; lastKnownFileType = file; path = "Inter-UI-BlackItalic.ttf"; sourceTree = "<group>"; };
		6858121021039A49007B6DF3 /* Inter-UI-Bold.ttf */ = {isa = PBXFileReference; lastKnownFileType = file; path = "Inter-UI-Bold.ttf"; sourceTree = "<group>"; };
		6858121121039B08007B6DF3 /* TopBar.swift */ = {isa = PBXFileReference; lastKnownFileType = sourcecode.swift; path = TopBar.swift; sourceTree = "<group>"; };
		6858121C2103BBC7007B6DF3 /* Blur.swift */ = {isa = PBXFileReference; lastKnownFileType = sourcecode.swift; path = Blur.swift; sourceTree = "<group>"; };
		6858121E2103C2F9007B6DF3 /* BorderRadius.swift */ = {isa = PBXFileReference; lastKnownFileType = sourcecode.swift; path = BorderRadius.swift; sourceTree = "<group>"; };
		685812212103C6C0007B6DF3 /* TodoCell.swift */ = {isa = PBXFileReference; lastKnownFileType = sourcecode.swift; path = TodoCell.swift; sourceTree = "<group>"; };
		6868380C2105219F00AD930B /* button.xib */ = {isa = PBXFileReference; lastKnownFileType = file.xib; path = button.xib; sourceTree = "<group>"; };
		6868380E210522F200AD930B /* Button.swift */ = {isa = PBXFileReference; lastKnownFileType = sourcecode.swift; path = Button.swift; sourceTree = "<group>"; };
		687CAE722105D8B400BAF716 /* ToDos.swift */ = {isa = PBXFileReference; lastKnownFileType = sourcecode.swift; path = ToDos.swift; sourceTree = "<group>"; };
		687CAE742105DD2200BAF716 /* Timeline.entitlements */ = {isa = PBXFileReference; lastKnownFileType = text.plist.entitlements; path = Timeline.entitlements; sourceTree = "<group>"; };
		687CAE762105DE0200BAF716 /* CloudKit.framework */ = {isa = PBXFileReference; lastKnownFileType = wrapper.framework; name = CloudKit.framework; path = System/Library/Frameworks/CloudKit.framework; sourceTree = SDKROOT; };
		687CAE782106672900BAF716 /* Progress.xib */ = {isa = PBXFileReference; lastKnownFileType = file.xib; path = Progress.xib; sourceTree = "<group>"; };
		687CAE7A210668A700BAF716 /* Progress.swift */ = {isa = PBXFileReference; lastKnownFileType = sourcecode.swift; path = Progress.swift; sourceTree = "<group>"; };
		687CAE7C21066ADD00BAF716 /* Gradients.swift */ = {isa = PBXFileReference; lastKnownFileType = sourcecode.swift; path = Gradients.swift; sourceTree = "<group>"; };
		689272B22107C13100ACC4B5 /* VC2Image.swift */ = {isa = PBXFileReference; lastKnownFileType = sourcecode.swift; path = VC2Image.swift; sourceTree = "<group>"; };
		689272B42107C17500ACC4B5 /* Select.swift */ = {isa = PBXFileReference; lastKnownFileType = sourcecode.swift; path = Select.swift; sourceTree = "<group>"; };
/* End PBXFileReference section */

/* Begin PBXFrameworksBuildPhase section */
		685811E621027443007B6DF3 /* Frameworks */ = {
			isa = PBXFrameworksBuildPhase;
			buildActionMask = 2147483647;
			files = (
				6858120121039764007B6DF3 /* Hero.framework in Frameworks */,
				687CAE772105DE0200BAF716 /* CloudKit.framework in Frameworks */,
			);
			runOnlyForDeploymentPostprocessing = 0;
		};
/* End PBXFrameworksBuildPhase section */

/* Begin PBXGroup section */
		685811E021027443007B6DF3 = {
			isa = PBXGroup;
			children = (
				6858120021039764007B6DF3 /* Hero.framework */,
				685811EB21027443007B6DF3 /* Timeline */,
				685811EA21027443007B6DF3 /* Products */,
				687CAE752105DE0200BAF716 /* Frameworks */,
			);
			sourceTree = "<group>";
		};
		685811EA21027443007B6DF3 /* Products */ = {
			isa = PBXGroup;
			children = (
				685811E921027443007B6DF3 /* Timeline.app */,
			);
			name = Products;
			sourceTree = "<group>";
		};
		685811EB21027443007B6DF3 /* Timeline */ = {
			isa = PBXGroup;
			children = (
				687CAE742105DD2200BAF716 /* Timeline.entitlements */,
				687CAE712105D89700BAF716 /* Models */,
				685812202103C6A3007B6DF3 /* Table View */,
				6858121B2103BB6C007B6DF3 /* Extensions */,
				6858120821039A3A007B6DF3 /* InterUI */,
				685812052103988C007B6DF3 /* Views */,
				6858120421039885007B6DF3 /* XIB */,
				685811FF21027527007B6DF3 /* Storyboards */,
				685811FE21027507007B6DF3 /* Controllers */,
				685811EC21027443007B6DF3 /* AppDelegate.swift */,
				685811F321027446007B6DF3 /* Assets.xcassets */,
				685811F821027446007B6DF3 /* Info.plist */,
			);
			path = Timeline;
			sourceTree = "<group>";
		};
		685811FE21027507007B6DF3 /* Controllers */ = {
			isa = PBXGroup;
			children = (
				685811EE21027443007B6DF3 /* Landing.swift */,
				680793242103CE5A00066F69 /* New.swift */,
				689272B42107C17500ACC4B5 /* Select.swift */,
			);
			path = Controllers;
			sourceTree = "<group>";
		};
		685811FF21027527007B6DF3 /* Storyboards */ = {
			isa = PBXGroup;
			children = (
				685811F021027443007B6DF3 /* Main.storyboard */,
				685811F521027446007B6DF3 /* LaunchScreen.storyboard */,
			);
			path = Storyboards;
			sourceTree = "<group>";
		};
		6858120421039885007B6DF3 /* XIB */ = {
			isa = PBXGroup;
			children = (
				685812062103990E007B6DF3 /* TopBar.xib */,
				6868380C2105219F00AD930B /* button.xib */,
				687CAE782106672900BAF716 /* Progress.xib */,
			);
			path = XIB;
			sourceTree = "<group>";
		};
		685812052103988C007B6DF3 /* Views */ = {
			isa = PBXGroup;
			children = (
				6858121121039B08007B6DF3 /* TopBar.swift */,
				6868380E210522F200AD930B /* Button.swift */,
				687CAE7A210668A700BAF716 /* Progress.swift */,
			);
			path = Views;
			sourceTree = "<group>";
		};
		6858120821039A3A007B6DF3 /* InterUI */ = {
			isa = PBXGroup;
			children = (
				6858120D21039A48007B6DF3 /* Inter-UI-Black.ttf */,
				6858120F21039A48007B6DF3 /* Inter-UI-BlackItalic.ttf */,
				6858121021039A49007B6DF3 /* Inter-UI-Bold.ttf */,
				6858120A21039A47007B6DF3 /* Inter-UI-BoldItalic.ttf */,
				6858120B21039A47007B6DF3 /* Inter-UI-Italic.ttf */,
				6858120E21039A48007B6DF3 /* Inter-UI-Medium.ttf */,
				6858120C21039A48007B6DF3 /* Inter-UI-MediumItalic.ttf */,
				6858120921039A47007B6DF3 /* Inter-UI-Regular.ttf */,
			);
			path = InterUI;
			sourceTree = "<group>";
		};
		6858121B2103BB6C007B6DF3 /* Extensions */ = {
			isa = PBXGroup;
			children = (
				6858121C2103BBC7007B6DF3 /* Blur.swift */,
				6858121E2103C2F9007B6DF3 /* BorderRadius.swift */,
				689272B22107C13100ACC4B5 /* VC2Image.swift */,
			);
			path = Extensions;
			sourceTree = "<group>";
		};
		685812202103C6A3007B6DF3 /* Table View */ = {
			isa = PBXGroup;
			children = (
				685812212103C6C0007B6DF3 /* TodoCell.swift */,
			);
			path = "Table View";
			sourceTree = "<group>";
		};
		687CAE712105D89700BAF716 /* Models */ = {
			isa = PBXGroup;
			children = (
				687CAE722105D8B400BAF716 /* ToDos.swift */,
				687CAE7C21066ADD00BAF716 /* Gradients.swift */,
			);
			path = Models;
			sourceTree = "<group>";
		};
		687CAE752105DE0200BAF716 /* Frameworks */ = {
			isa = PBXGroup;
			children = (
				687CAE762105DE0200BAF716 /* CloudKit.framework */,
			);
			name = Frameworks;
			sourceTree = "<group>";
		};
/* End PBXGroup section */

/* Begin PBXNativeTarget section */
		685811E821027443007B6DF3 /* Timeline */ = {
			isa = PBXNativeTarget;
			buildConfigurationList = 685811FB21027446007B6DF3 /* Build configuration list for PBXNativeTarget "Timeline" */;
			buildPhases = (
				685811E521027443007B6DF3 /* Sources */,
				685811E621027443007B6DF3 /* Frameworks */,
				685811E721027443007B6DF3 /* Resources */,
				6858120321039765007B6DF3 /* Embed Frameworks */,
			);
			buildRules = (
			);
			dependencies = (
			);
			name = Timeline;
			productName = Timeline;
			productReference = 685811E921027443007B6DF3 /* Timeline.app */;
			productType = "com.apple.product-type.application";
		};
/* End PBXNativeTarget section */

/* Begin PBXProject section */
		685811E121027443007B6DF3 /* Project object */ = {
			isa = PBXProject;
			attributes = {
				LastSwiftUpdateCheck = 0940;
				LastUpgradeCheck = 0940;
				ORGANIZATIONNAME = "Arthur Guiot";
				TargetAttributes = {
					685811E821027443007B6DF3 = {
						CreatedOnToolsVersion = 9.4.1;
						SystemCapabilities = {
							com.apple.Push = {
								enabled = 1;
							};
							com.apple.iCloud = {
								enabled = 1;
							};
						};
					};
				};
			};
			buildConfigurationList = 685811E421027443007B6DF3 /* Build configuration list for PBXProject "Timeline" */;
			compatibilityVersion = "Xcode 9.3";
			developmentRegion = en;
			hasScannedForEncodings = 0;
			knownRegions = (
				en,
				Base,
			);
			mainGroup = 685811E021027443007B6DF3;
			productRefGroup = 685811EA21027443007B6DF3 /* Products */;
			projectDirPath = "";
			projectRoot = "";
			targets = (
				685811E821027443007B6DF3 /* Timeline */,
			);
		};
/* End PBXProject section */

/* Begin PBXResourcesBuildPhase section */
		685811E721027443007B6DF3 /* Resources */ = {
			isa = PBXResourcesBuildPhase;
			buildActionMask = 2147483647;
			files = (
				6858121821039D10007B6DF3 /* Inter-UI-Medium.ttf in Resources */,
				6858121321039D10007B6DF3 /* Inter-UI-Black.ttf in Resources */,
				6858121421039D10007B6DF3 /* Inter-UI-BlackItalic.ttf in Resources */,
				6868380D2105219F00AD930B /* button.xib in Resources */,
				685811F721027446007B6DF3 /* LaunchScreen.storyboard in Resources */,
				6858121A21039D10007B6DF3 /* Inter-UI-Regular.ttf in Resources */,
				6858121721039D10007B6DF3 /* Inter-UI-Italic.ttf in Resources */,
				685811F421027446007B6DF3 /* Assets.xcassets in Resources */,
				6858121621039D10007B6DF3 /* Inter-UI-BoldItalic.ttf in Resources */,
				6858121921039D10007B6DF3 /* Inter-UI-MediumItalic.ttf in Resources */,
				687CAE792106672A00BAF716 /* Progress.xib in Resources */,
				685811F221027443007B6DF3 /* Main.storyboard in Resources */,
				6858121521039D10007B6DF3 /* Inter-UI-Bold.ttf in Resources */,
				685812072103990E007B6DF3 /* TopBar.xib in Resources */,
			);
			runOnlyForDeploymentPostprocessing = 0;
		};
/* End PBXResourcesBuildPhase section */

/* Begin PBXSourcesBuildPhase section */
		685811E521027443007B6DF3 /* Sources */ = {
			isa = PBXSourcesBuildPhase;
			buildActionMask = 2147483647;
			files = (
				687CAE7D21066ADD00BAF716 /* Gradients.swift in Sources */,
				680793252103CE5A00066F69 /* New.swift in Sources */,
				685811EF21027443007B6DF3 /* Landing.swift in Sources */,
				687CAE732105D8B400BAF716 /* ToDos.swift in Sources */,
				689272B52107C17500ACC4B5 /* Select.swift in Sources */,
				685812222103C6C0007B6DF3 /* TodoCell.swift in Sources */,
				6868380F210522F200AD930B /* Button.swift in Sources */,
				6858121221039B08007B6DF3 /* TopBar.swift in Sources */,
				687CAE7B210668A800BAF716 /* Progress.swift in Sources */,
				6858121D2103BBC7007B6DF3 /* Blur.swift in Sources */,
				6858121F2103C2F9007B6DF3 /* BorderRadius.swift in Sources */,
				685811ED21027443007B6DF3 /* AppDelegate.swift in Sources */,
				689272B32107C13100ACC4B5 /* VC2Image.swift in Sources */,
			);
			runOnlyForDeploymentPostprocessing = 0;
		};
/* End PBXSourcesBuildPhase section */

/* Begin PBXVariantGroup section */
		685811F021027443007B6DF3 /* Main.storyboard */ = {
			isa = PBXVariantGroup;
			children = (
				685811F121027443007B6DF3 /* Base */,
			);
			name = Main.storyboard;
			sourceTree = "<group>";
		};
		685811F521027446007B6DF3 /* LaunchScreen.storyboard */ = {
			isa = PBXVariantGroup;
			children = (
				685811F621027446007B6DF3 /* Base */,
			);
			name = LaunchScreen.storyboard;
			sourceTree = "<group>";
		};
/* End PBXVariantGroup section */

/* Begin XCBuildConfiguration section */
		685811F921027446007B6DF3 /* Debug */ = {
			isa = XCBuildConfiguration;
			buildSettings = {
				ALWAYS_SEARCH_USER_PATHS = NO;
				CLANG_ANALYZER_NONNULL = YES;
				CLANG_ANALYZER_NUMBER_OBJECT_CONVERSION = YES_AGGRESSIVE;
				CLANG_CXX_LANGUAGE_STANDARD = "gnu++14";
				CLANG_CXX_LIBRARY = "libc++";
				CLANG_ENABLE_MODULES = YES;
				CLANG_ENABLE_OBJC_ARC = YES;
				CLANG_ENABLE_OBJC_WEAK = YES;
				CLANG_WARN_BLOCK_CAPTURE_AUTORELEASING = YES;
				CLANG_WARN_BOOL_CONVERSION = YES;
				CLANG_WARN_COMMA = YES;
				CLANG_WARN_CONSTANT_CONVERSION = YES;
				CLANG_WARN_DEPRECATED_OBJC_IMPLEMENTATIONS = YES;
				CLANG_WARN_DIRECT_OBJC_ISA_USAGE = YES_ERROR;
				CLANG_WARN_DOCUMENTATION_COMMENTS = YES;
				CLANG_WARN_EMPTY_BODY = YES;
				CLANG_WARN_ENUM_CONVERSION = YES;
				CLANG_WARN_INFINITE_RECURSION = YES;
				CLANG_WARN_INT_CONVERSION = YES;
				CLANG_WARN_NON_LITERAL_NULL_CONVERSION = YES;
				CLANG_WARN_OBJC_IMPLICIT_RETAIN_SELF = YES;
				CLANG_WARN_OBJC_LITERAL_CONVERSION = YES;
				CLANG_WARN_OBJC_ROOT_CLASS = YES_ERROR;
				CLANG_WARN_RANGE_LOOP_ANALYSIS = YES;
				CLANG_WARN_STRICT_PROTOTYPES = YES;
				CLANG_WARN_SUSPICIOUS_MOVE = YES;
				CLANG_WARN_UNGUARDED_AVAILABILITY = YES_AGGRESSIVE;
				CLANG_WARN_UNREACHABLE_CODE = YES;
				CLANG_WARN__DUPLICATE_METHOD_MATCH = YES;
				CODE_SIGN_IDENTITY = "iPhone Developer";
				COPY_PHASE_STRIP = NO;
				DEBUG_INFORMATION_FORMAT = dwarf;
				ENABLE_STRICT_OBJC_MSGSEND = YES;
				ENABLE_TESTABILITY = YES;
				GCC_C_LANGUAGE_STANDARD = gnu11;
				GCC_DYNAMIC_NO_PIC = NO;
				GCC_NO_COMMON_BLOCKS = YES;
				GCC_OPTIMIZATION_LEVEL = 0;
				GCC_PREPROCESSOR_DEFINITIONS = (
					"DEBUG=1",
					"$(inherited)",
				);
				GCC_WARN_64_TO_32_BIT_CONVERSION = YES;
				GCC_WARN_ABOUT_RETURN_TYPE = YES_ERROR;
				GCC_WARN_UNDECLARED_SELECTOR = YES;
				GCC_WARN_UNINITIALIZED_AUTOS = YES_AGGRESSIVE;
				GCC_WARN_UNUSED_FUNCTION = YES;
				GCC_WARN_UNUSED_VARIABLE = YES;
				IPHONEOS_DEPLOYMENT_TARGET = 11.4;
				MTL_ENABLE_DEBUG_INFO = YES;
				ONLY_ACTIVE_ARCH = YES;
				SDKROOT = iphoneos;
				SWIFT_ACTIVE_COMPILATION_CONDITIONS = DEBUG;
				SWIFT_OPTIMIZATION_LEVEL = "-Onone";
			};
			name = Debug;
		};
		685811FA21027446007B6DF3 /* Release */ = {
			isa = XCBuildConfiguration;
			buildSettings = {
				ALWAYS_SEARCH_USER_PATHS = NO;
				CLANG_ANALYZER_NONNULL = YES;
				CLANG_ANALYZER_NUMBER_OBJECT_CONVERSION = YES_AGGRESSIVE;
				CLANG_CXX_LANGUAGE_STANDARD = "gnu++14";
				CLANG_CXX_LIBRARY = "libc++";
				CLANG_ENABLE_MODULES = YES;
				CLANG_ENABLE_OBJC_ARC = YES;
				CLANG_ENABLE_OBJC_WEAK = YES;
				CLANG_WARN_BLOCK_CAPTURE_AUTORELEASING = YES;
				CLANG_WARN_BOOL_CONVERSION = YES;
				CLANG_WARN_COMMA = YES;
				CLANG_WARN_CONSTANT_CONVERSION = YES;
				CLANG_WARN_DEPRECATED_OBJC_IMPLEMENTATIONS = YES;
				CLANG_WARN_DIRECT_OBJC_ISA_USAGE = YES_ERROR;
				CLANG_WARN_DOCUMENTATION_COMMENTS = YES;
				CLANG_WARN_EMPTY_BODY = YES;
				CLANG_WARN_ENUM_CONVERSION = YES;
				CLANG_WARN_INFINITE_RECURSION = YES;
				CLANG_WARN_INT_CONVERSION = YES;
				CLANG_WARN_NON_LITERAL_NULL_CONVERSION = YES;
				CLANG_WARN_OBJC_IMPLICIT_RETAIN_SELF = YES;
				CLANG_WARN_OBJC_LITERAL_CONVERSION = YES;
				CLANG_WARN_OBJC_ROOT_CLASS = YES_ERROR;
				CLANG_WARN_RANGE_LOOP_ANALYSIS = YES;
				CLANG_WARN_STRICT_PROTOTYPES = YES;
				CLANG_WARN_SUSPICIOUS_MOVE = YES;
				CLANG_WARN_UNGUARDED_AVAILABILITY = YES_AGGRESSIVE;
				CLANG_WARN_UNREACHABLE_CODE = YES;
				CLANG_WARN__DUPLICATE_METHOD_MATCH = YES;
				CODE_SIGN_IDENTITY = "iPhone Developer";
				COPY_PHASE_STRIP = NO;
				DEBUG_INFORMATION_FORMAT = "dwarf-with-dsym";
				ENABLE_NS_ASSERTIONS = NO;
				ENABLE_STRICT_OBJC_MSGSEND = YES;
				GCC_C_LANGUAGE_STANDARD = gnu11;
				GCC_NO_COMMON_BLOCKS = YES;
				GCC_WARN_64_TO_32_BIT_CONVERSION = YES;
				GCC_WARN_ABOUT_RETURN_TYPE = YES_ERROR;
				GCC_WARN_UNDECLARED_SELECTOR = YES;
				GCC_WARN_UNINITIALIZED_AUTOS = YES_AGGRESSIVE;
				GCC_WARN_UNUSED_FUNCTION = YES;
				GCC_WARN_UNUSED_VARIABLE = YES;
				IPHONEOS_DEPLOYMENT_TARGET = 11.4;
				MTL_ENABLE_DEBUG_INFO = NO;
				SDKROOT = iphoneos;
				SWIFT_COMPILATION_MODE = wholemodule;
				SWIFT_OPTIMIZATION_LEVEL = "-O";
				VALIDATE_PRODUCT = YES;
			};
			name = Release;
		};
		685811FC21027446007B6DF3 /* Debug */ = {
			isa = XCBuildConfiguration;
			buildSettings = {
				ASSETCATALOG_COMPILER_APPICON_NAME = AppIcon;
				CODE_SIGN_ENTITLEMENTS = Timeline/Timeline.entitlements;
				CODE_SIGN_STYLE = Automatic;
				DEVELOPMENT_TEAM = 73CCF549YB;
				FRAMEWORK_SEARCH_PATHS = (
					"$(inherited)",
					"$(PROJECT_DIR)/Carthage/Build/iOS",
				);
				INFOPLIST_FILE = Timeline/Info.plist;
				LD_RUNPATH_SEARCH_PATHS = (
					"$(inherited)",
					"@executable_path/Frameworks",
				);
				PRODUCT_BUNDLE_IDENTIFIER = com.ArthurG.Timeline;
				PRODUCT_NAME = "$(TARGET_NAME)";
				SWIFT_VERSION = 4.0;
				TARGETED_DEVICE_FAMILY = "1,2";
			};
			name = Debug;
		};
		685811FD21027446007B6DF3 /* Release */ = {
			isa = XCBuildConfiguration;
			buildSettings = {
				ASSETCATALOG_COMPILER_APPICON_NAME = AppIcon;
				CODE_SIGN_ENTITLEMENTS = Timeline/Timeline.entitlements;
				CODE_SIGN_STYLE = Automatic;
				DEVELOPMENT_TEAM = 73CCF549YB;
				FRAMEWORK_SEARCH_PATHS = (
					"$(inherited)",
					"$(PROJECT_DIR)/Carthage/Build/iOS",
				);
				INFOPLIST_FILE = Timeline/Info.plist;
				LD_RUNPATH_SEARCH_PATHS = (
					"$(inherited)",
					"@executable_path/Frameworks",
				);
				PRODUCT_BUNDLE_IDENTIFIER = com.ArthurG.Timeline;
				PRODUCT_NAME = "$(TARGET_NAME)";
				SWIFT_VERSION = 4.0;
				TARGETED_DEVICE_FAMILY = "1,2";
			};
			name = Release;
		};
/* End XCBuildConfiguration section */

/* Begin XCConfigurationList section */
		685811E421027443007B6DF3 /* Build configuration list for PBXProject "Timeline" */ = {
			isa = XCConfigurationList;
			buildConfigurations = (
				685811F921027446007B6DF3 /* Debug */,
				685811FA21027446007B6DF3 /* Release */,
			);
			defaultConfigurationIsVisible = 0;
			defaultConfigurationName = Release;
		};
		685811FB21027446007B6DF3 /* Build configuration list for PBXNativeTarget "Timeline" */ = {
			isa = XCConfigurationList;
			buildConfigurations = (
				685811FC21027446007B6DF3 /* Debug */,
				685811FD21027446007B6DF3 /* Release */,
			);
			defaultConfigurationIsVisible = 0;
			defaultConfigurationName = Release;
		};
/* End XCConfigurationList section */
	};
	rootObject = 685811E121027443007B6DF3 /* Project object */;
}
